<?xml version="1.0" encoding="utf-8"?>
<Project ToolsVersion="4.0" xmlns="http://schemas.microsoft.com/developer/msbuild/2003">
  <ItemGroup>
    <Filter Include="ソース ファイル">
      <UniqueIdentifier>{4FC737F1-C7A5-4376-A066-2A32D752A2FF}</UniqueIdentifier>
      <Extensions>cpp;c;cc;cxx;c++;cppm;ixx;def;odl;idl;hpj;bat;asm;asmx</Extensions>
    </Filter>
    <Filter Include="ヘッダー ファイル">
      <UniqueIdentifier>{93995380-89BD-4b04-88EB-625FBE52EBFB}</UniqueIdentifier>
      <Extensions>h;hh;hpp;hxx;h++;hm;inl;inc;ipp;xsd</Extensions>
    </Filter>
    <Filter Include="リソース ファイル">
      <UniqueIdentifier>{67DA6AB6-F800-4c08-8B7A-83BB121AAD01}</UniqueIdentifier>
      <Extensions>rc;ico;cur;bmp;dlg;rc2;rct;bin;rgs;gif;jpg;jpeg;jpe;resx;tiff;tif;png;wav;mfcribbon-ms</Extensions>
    </Filter>
    <Filter Include="ソース ファイル\App">
      <UniqueIdentifier>{7b0275cf-c3e7-4e9c-9fc9-b9cebf1f668c}</UniqueIdentifier>
    </Filter>
    <Filter Include="ソース ファイル\Main">
      <UniqueIdentifier>{f0f23d54-d903-43c9-8699-822fc9b8b042}</UniqueIdentifier>
    </Filter>
    <Filter Include="ソース ファイル\Obj">
      <UniqueIdentifier>{d177372a-c054-43a1-9312-3507c96c3d1b}</UniqueIdentifier>
    </Filter>
    <Filter Include="ソース ファイル\Draw">
      <UniqueIdentifier>{6627155c-4955-455e-9daa-d2a4d27ba5ca}</UniqueIdentifier>
    </Filter>
    <Filter Include="ヘッダー ファイル\App">
      <UniqueIdentifier>{33a3838e-16fd-4a21-97cb-329d7d1579ea}</UniqueIdentifier>
    </Filter>
    <Filter Include="ヘッダー ファイル\Draw">
      <UniqueIdentifier>{3b3cd57d-dbc3-41c7-a59e-22584f10af39}</UniqueIdentifier>
    </Filter>
    <Filter Include="ヘッダー ファイル\Buffer">
      <UniqueIdentifier>{4140a4bd-30b0-4b6b-abaf-719b7c09d686}</UniqueIdentifier>
    </Filter>
    <Filter Include="ヘッダー ファイル\Obj">
      <UniqueIdentifier>{41705671-cc40-48ff-aa73-e324d73e29ee}</UniqueIdentifier>
    </Filter>
    <Filter Include="ソース ファイル\Buffer">
      <UniqueIdentifier>{5f2c1b05-39c6-4e24-bcbd-a252e2404203}</UniqueIdentifier>
    </Filter>
    <Filter Include="リソース ファイル\PixelShader">
      <UniqueIdentifier>{53921699-4dcf-4e71-8b0f-1e7d78e95c26}</UniqueIdentifier>
    </Filter>
    <Filter Include="リソース ファイル\VertexShader">
      <UniqueIdentifier>{73db5d85-ec3d-49e8-b9bf-c1142eb78802}</UniqueIdentifier>
    </Filter>
    <Filter Include="ヘッダー ファイル\Resource">
      <UniqueIdentifier>{a79104d4-b1b1-447e-939d-a46ada9bded5}</UniqueIdentifier>
    </Filter>
    <Filter Include="ソース ファイル\Resource">
      <UniqueIdentifier>{6641108b-5e57-4afa-a036-23806319b184}</UniqueIdentifier>
    </Filter>
    <Filter Include="ヘッダー ファイル\Scene">
      <UniqueIdentifier>{c0baabb3-7809-48f8-8053-95082b396822}</UniqueIdentifier>
    </Filter>
    <Filter Include="ソース ファイル\Scene">
      <UniqueIdentifier>{920d3e11-33e8-4c7a-b72a-57d432d22b3b}</UniqueIdentifier>
    </Filter>
    <Filter Include="System">
      <UniqueIdentifier>{72439b4e-6de2-4afe-a2be-a99afc5096a9}</UniqueIdentifier>
    </Filter>
    <Filter Include="ソース ファイル\Draw\RootSignature">
      <UniqueIdentifier>{553fccb9-05be-43bc-859d-a3c61b67953c}</UniqueIdentifier>
    </Filter>
    <Filter Include="ヘッダー ファイル\Draw\RootSignature">
      <UniqueIdentifier>{432efb36-410e-45b9-909f-5fbb2b866623}</UniqueIdentifier>
    </Filter>
    <Filter Include="ソース ファイル\Draw\PipelineState">
      <UniqueIdentifier>{26c9f362-51df-4517-ad6a-ba3556c32df7}</UniqueIdentifier>
    </Filter>
    <Filter Include="System\ImGui">
      <UniqueIdentifier>{f9e2a5ba-ca73-4ee2-92a1-4253e0e44b56}</UniqueIdentifier>
    </Filter>
    <Filter Include="ソース ファイル\Draw\ImGui">
      <UniqueIdentifier>{893710a5-4828-415b-9d50-a40c9896aa5d}</UniqueIdentifier>
    </Filter>
    <Filter Include="ヘッダー ファイル\Draw\ImGui">
      <UniqueIdentifier>{9cda4ae0-69c1-4b89-a316-288f883b7ef1}</UniqueIdentifier>
    </Filter>
    <Filter Include="ヘッダー ファイル\Obj\Player">
      <UniqueIdentifier>{d99c5978-3297-4d29-a58d-541de2241019}</UniqueIdentifier>
    </Filter>
    <Filter Include="ソース ファイル\Obj\Player">
      <UniqueIdentifier>{a2624871-fdbd-4dba-a4a5-ccb5f1857534}</UniqueIdentifier>
    </Filter>
    <Filter Include="ヘッダー ファイル\Particle">
      <UniqueIdentifier>{5495cba6-3fc0-45a6-9179-d57b23002995}</UniqueIdentifier>
    </Filter>
    <Filter Include="ソース ファイル\Particle">
      <UniqueIdentifier>{86112466-3bcf-49f2-8ccd-6ba4b0866062}</UniqueIdentifier>
    </Filter>
    <Filter Include="ヘッダー ファイル\Particle\System">
      <UniqueIdentifier>{8076391c-c782-4e0c-b5e0-f41e748029ff}</UniqueIdentifier>
    </Filter>
    <Filter Include="ヘッダー ファイル\Particle\Emitter">
      <UniqueIdentifier>{64f6bd09-fcf3-4cc1-bbf0-9b5332e477a4}</UniqueIdentifier>
    </Filter>
    <Filter Include="ソース ファイル\Particle\System">
      <UniqueIdentifier>{5c704b42-7278-4b06-afda-341587466028}</UniqueIdentifier>
    </Filter>
    <Filter Include="ソース ファイル\Particle\Emitter">
      <UniqueIdentifier>{7b226ad1-bb76-4b40-b8df-fb811f7bb83c}</UniqueIdentifier>
    </Filter>
    <Filter Include="ソース ファイル\Game">
      <UniqueIdentifier>{46e8a4e7-6df0-4b71-8940-73ba0379405f}</UniqueIdentifier>
    </Filter>
    <Filter Include="ヘッダー ファイル\Game">
      <UniqueIdentifier>{516b7aa0-0986-42d9-a769-36f0637bd7e4}</UniqueIdentifier>
    </Filter>
    <Filter Include="ヘッダー ファイル\Obj\DebugObj">
      <UniqueIdentifier>{176f41e9-9355-4b0f-bfdd-ca84186020eb}</UniqueIdentifier>
    </Filter>
    <Filter Include="ソース ファイル\Obj\DebugObj">
      <UniqueIdentifier>{ece410ca-c8e8-405f-a6f7-8ab9d2732a47}</UniqueIdentifier>
    </Filter>
    <Filter Include="ヘッダー ファイル\Draw\PipelineState">
      <UniqueIdentifier>{d33fd7f1-cbf2-454f-8be6-8a230821efdc}</UniqueIdentifier>
    </Filter>
  </ItemGroup>
  <ItemGroup>
    <ClCompile Include="App.cpp">
      <Filter>ソース ファイル\App</Filter>
    </ClCompile>
    <ClCompile Include="main.cpp">
      <Filter>ソース ファイル\Main</Filter>
    </ClCompile>
    <ClCompile Include="Sample.cpp">
      <Filter>ソース ファイル\Obj</Filter>
    </ClCompile>
    <ClCompile Include="DrawBase.cpp">
      <Filter>ソース ファイル\Draw</Filter>
    </ClCompile>
    <ClCompile Include="VertexBuffer.cpp">
      <Filter>ソース ファイル\Buffer</Filter>
    </ClCompile>
    <ClCompile Include="ConstantBuffer.cpp">
      <Filter>ソース ファイル\Buffer</Filter>
    </ClCompile>
    <ClCompile Include="IndexBuffer.cpp">
      <Filter>ソース ファイル\Buffer</Filter>
    </ClCompile>
    <ClCompile Include="AssimpLoader.cpp">
      <Filter>ソース ファイル\Obj</Filter>
    </ClCompile>
    <ClCompile Include="DescriptorHeap.cpp">
      <Filter>ソース ファイル\Resource</Filter>
    </ClCompile>
    <ClCompile Include="Texture2D.cpp">
      <Filter>ソース ファイル\Resource</Filter>
    </ClCompile>
    <ClCompile Include="BaseScene.cpp">
      <Filter>ソース ファイル\Scene</Filter>
    </ClCompile>
    <ClCompile Include="System\SharedStruct.cpp">
      <Filter>System</Filter>
    </ClCompile>
    <ClCompile Include="Object.cpp">
      <Filter>ソース ファイル\Obj</Filter>
    </ClCompile>
    <ClCompile Include="Model3D.cpp">
      <Filter>ソース ファイル\Obj</Filter>
    </ClCompile>
    <ClCompile Include="System\Input.cpp">
      <Filter>System</Filter>
    </ClCompile>
    <ClCompile Include="TitleScene.cpp">
      <Filter>ソース ファイル\Scene</Filter>
    </ClCompile>
    <ClCompile Include="GameScene.cpp">
      <Filter>ソース ファイル\Scene</Filter>
    </ClCompile>
    <ClCompile Include="ResultScene.cpp">
      <Filter>ソース ファイル\Scene</Filter>
    </ClCompile>
    <ClCompile Include="SceneManager.cpp">
      <Filter>ソース ファイル\Scene</Filter>
    </ClCompile>
    <ClCompile Include="Tags.cpp">
      <Filter>System</Filter>
    </ClCompile>
    <ClCompile Include="Camera.cpp">
      <Filter>ソース ファイル\Draw</Filter>
    </ClCompile>
    <ClCompile Include="WaterMesh.cpp">
      <Filter>ソース ファイル\Obj</Filter>
    </ClCompile>
    <ClCompile Include="RootSignature.cpp">
      <Filter>ソース ファイル\Draw\RootSignature</Filter>
    </ClCompile>
    <ClCompile Include="RootSignature_WaterMesh.cpp">
      <Filter>ソース ファイル\Draw\RootSignature</Filter>
    </ClCompile>
    <ClCompile Include="PipelineState.cpp">
      <Filter>ソース ファイル\Draw\PipelineState</Filter>
    </ClCompile>
    <ClCompile Include="PipelineState_WaterMesh.cpp">
      <Filter>ソース ファイル\Draw\PipelineState</Filter>
    </ClCompile>
    <ClCompile Include="TextureManager.cpp">
      <Filter>ソース ファイル\Resource</Filter>
    </ClCompile>
    <ClCompile Include="SkyDomeMesh.cpp">
      <Filter>ソース ファイル\Obj</Filter>
    </ClCompile>
    <ClCompile Include="RootSignature_SkyDomeMesh.cpp">
      <Filter>ソース ファイル\Draw\RootSignature</Filter>
    </ClCompile>
    <ClCompile Include="PipelineState_SkyDomeMesh.cpp">
      <Filter>ソース ファイル\Draw\PipelineState</Filter>
    </ClCompile>
    <ClCompile Include="TextureCube.cpp">
      <Filter>ソース ファイル\Resource</Filter>
    </ClCompile>
    <ClCompile Include="RootSignature_Player.cpp">
      <Filter>ソース ファイル\Draw\RootSignature</Filter>
    </ClCompile>
    <ClCompile Include="PipelineState_Player.cpp">
      <Filter>ソース ファイル\Draw\PipelineState</Filter>
    </ClCompile>
    <ClCompile Include="System\ImGui\imgui.cpp">
      <Filter>System\ImGui</Filter>
    </ClCompile>
    <ClCompile Include="System\ImGui\imgui_draw.cpp">
      <Filter>System\ImGui</Filter>
    </ClCompile>
    <ClCompile Include="System\ImGui\imgui_tables.cpp">
      <Filter>System\ImGui</Filter>
    </ClCompile>
    <ClCompile Include="System\ImGui\imgui_widgets.cpp">
      <Filter>System\ImGui</Filter>
    </ClCompile>
    <ClCompile Include="System\ImGui\imgui_impl_dx12.cpp">
      <Filter>System\ImGui</Filter>
    </ClCompile>
    <ClCompile Include="System\ImGui\imgui_impl_win32.cpp">
      <Filter>System\ImGui</Filter>
    </ClCompile>
    <ClCompile Include="ImGuiManager.cpp">
      <Filter>ソース ファイル\Draw\ImGui</Filter>
    </ClCompile>
    <ClCompile Include="Player.cpp">
      <Filter>ソース ファイル\Obj\Player</Filter>
    </ClCompile>
    <ClCompile Include="PlayerController.cpp">
      <Filter>ソース ファイル\Obj\Player</Filter>
    </ClCompile>
    <ClCompile Include="Timer.cpp">
      <Filter>System</Filter>
    </ClCompile>
    <ClCompile Include="ParticleEmitter.cpp">
      <Filter>ソース ファイル\Particle\Emitter</Filter>
    </ClCompile>
    <ClCompile Include="ParticleSystem.cpp">
      <Filter>ソース ファイル\Particle\System</Filter>
    </ClCompile>
    <ClCompile Include="ParticleEmitter_Splash.cpp">
      <Filter>ソース ファイル\Particle\Emitter</Filter>
    </ClCompile>
    <ClCompile Include="ParticleSystem_Splash.cpp">
      <Filter>ソース ファイル\Particle\System</Filter>
    </ClCompile>
    <ClCompile Include="RootSignature_Splash.cpp">
      <Filter>ソース ファイル\Draw\RootSignature</Filter>
    </ClCompile>
    <ClCompile Include="PipelineState_Splash.cpp">
      <Filter>ソース ファイル\Draw\PipelineState</Filter>
    </ClCompile>
    <ClCompile Include="Goal.cpp">
      <Filter>ソース ファイル\Obj</Filter>
    </ClCompile>
    <ClCompile Include="PipelineState_Goal.cpp">
      <Filter>ソース ファイル\Draw\PipelineState</Filter>
    </ClCompile>
    <ClCompile Include="RootSignature_Goal.cpp">
      <Filter>ソース ファイル\Draw\RootSignature</Filter>
    </ClCompile>
    <ClCompile Include="Game.cpp">
      <Filter>ソース ファイル\Game</Filter>
    </ClCompile>
    <ClCompile Include="Debug_Sphere.cpp">
      <Filter>ソース ファイル\Obj\DebugObj</Filter>
    </ClCompile>
    <ClCompile Include="RootSignature_DebugSphere.cpp">
      <Filter>ソース ファイル\Draw\RootSignature</Filter>
    </ClCompile>
    <ClCompile Include="PipelineState_DebugSphere.cpp">
      <Filter>ソース ファイル\Draw\PipelineState</Filter>
    </ClCompile>
  </ItemGroup>
  <ItemGroup>
    <ClInclude Include="App.h">
      <Filter>ヘッダー ファイル\App</Filter>
    </ClInclude>
    <ClInclude Include="DrawBase.h">
      <Filter>ヘッダー ファイル\Draw</Filter>
    </ClInclude>
    <ClInclude Include="Sample.h">
      <Filter>ヘッダー ファイル\Obj</Filter>
    </ClInclude>
    <ClInclude Include="VertexBuffer.h">
      <Filter>ヘッダー ファイル\Buffer</Filter>
    </ClInclude>
    <ClInclude Include="ConstantBuffer.h">
      <Filter>ヘッダー ファイル\Buffer</Filter>
    </ClInclude>
    <ClInclude Include="IndexBuffer.h">
      <Filter>ヘッダー ファイル\Buffer</Filter>
    </ClInclude>
    <ClInclude Include="AssimpLoader.h">
      <Filter>ヘッダー ファイル\Obj</Filter>
    </ClInclude>
    <ClInclude Include="DescriptorHeap.h">
      <Filter>ヘッダー ファイル\Resource</Filter>
    </ClInclude>
    <ClInclude Include="Texture2D.h">
      <Filter>ヘッダー ファイル\Resource</Filter>
    </ClInclude>
    <ClInclude Include="BaseScene.h">
      <Filter>ヘッダー ファイル\Scene</Filter>
    </ClInclude>
    <ClInclude Include="System\CommonTypes.h">
      <Filter>System</Filter>
    </ClInclude>
    <ClInclude Include="System\ComPtr.h">
      <Filter>System</Filter>
    </ClInclude>
    <ClInclude Include="System\SharedStruct.h">
      <Filter>System</Filter>
    </ClInclude>
    <ClInclude Include="PrototypeManager.h">
      <Filter>System</Filter>
    </ClInclude>
    <ClInclude Include="Object.h">
      <Filter>ヘッダー ファイル\Obj</Filter>
    </ClInclude>
    <ClInclude Include="Model3D.h">
      <Filter>ヘッダー ファイル\Obj</Filter>
    </ClInclude>
    <ClInclude Include="System\Input.h">
      <Filter>System</Filter>
    </ClInclude>
    <ClInclude Include="TitleScene.h">
      <Filter>ヘッダー ファイル\Scene</Filter>
    </ClInclude>
    <ClInclude Include="GameScene.h">
      <Filter>ヘッダー ファイル\Scene</Filter>
    </ClInclude>
    <ClInclude Include="ResultScene.h">
      <Filter>ヘッダー ファイル\Scene</Filter>
    </ClInclude>
    <ClInclude Include="SceneManager.h">
      <Filter>ヘッダー ファイル\Scene</Filter>
    </ClInclude>
    <ClInclude Include="SceneFactory.h">
      <Filter>System</Filter>
    </ClInclude>
    <ClInclude Include="Enum_Scene.h">
      <Filter>System</Filter>
    </ClInclude>
    <ClInclude Include="System\Noncopyable.h">
      <Filter>System</Filter>
    </ClInclude>
    <ClInclude Include="Tags.h">
      <Filter>System</Filter>
    </ClInclude>
    <ClInclude Include="Camera.h">
      <Filter>ヘッダー ファイル\Draw</Filter>
    </ClInclude>
    <ClInclude Include="WaterMesh.h">
      <Filter>ヘッダー ファイル\Obj</Filter>
    </ClInclude>
    <ClInclude Include="RootSignature.h">
      <Filter>ヘッダー ファイル\Draw\RootSignature</Filter>
    </ClInclude>
    <ClInclude Include="RootSignature_WaterMesh.h">
      <Filter>ヘッダー ファイル\Draw\RootSignature</Filter>
    </ClInclude>
    <ClInclude Include="PipelineState.h">
      <Filter>ヘッダー ファイル\Draw\PipelineState</Filter>
    </ClInclude>
    <ClInclude Include="PipelineState_WaterMesh.h">
      <Filter>ヘッダー ファイル\Draw\PipelineState</Filter>
    </ClInclude>
    <ClInclude Include="TextureManager.h">
      <Filter>ヘッダー ファイル\Resource</Filter>
    </ClInclude>
    <ClInclude Include="SkyDomeMesh.h">
      <Filter>ヘッダー ファイル\Obj</Filter>
    </ClInclude>
    <ClInclude Include="PipelineState_SkyDomeMesh.h">
      <Filter>ヘッダー ファイル\Draw\PipelineState</Filter>
    </ClInclude>
    <ClInclude Include="RootSignature_SkyDomeMesh.h">
      <Filter>ヘッダー ファイル\Draw\RootSignature</Filter>
    </ClInclude>
    <ClInclude Include="TextureCube.h">
      <Filter>ヘッダー ファイル\Resource</Filter>
    </ClInclude>
    <ClInclude Include="RootSignature_Player.h">
      <Filter>ヘッダー ファイル\Draw\RootSignature</Filter>
    </ClInclude>
    <ClInclude Include="PipelineState_Player.h">
      <Filter>ヘッダー ファイル\Draw\PipelineState</Filter>
    </ClInclude>
    <ClInclude Include="System\ImGui\imconfig.h">
      <Filter>System\ImGui</Filter>
    </ClInclude>
    <ClInclude Include="System\ImGui\imgui.h">
      <Filter>System\ImGui</Filter>
    </ClInclude>
    <ClInclude Include="System\ImGui\imgui_internal.h">
      <Filter>System\ImGui</Filter>
    </ClInclude>
    <ClInclude Include="System\ImGui\imstb_rectpack.h">
      <Filter>System\ImGui</Filter>
    </ClInclude>
    <ClInclude Include="System\ImGui\imstb_textedit.h">
      <Filter>System\ImGui</Filter>
    </ClInclude>
    <ClInclude Include="System\ImGui\imstb_truetype.h">
      <Filter>System\ImGui</Filter>
    </ClInclude>
    <ClInclude Include="System\ImGui\imgui_impl_dx12.h">
      <Filter>System\ImGui</Filter>
    </ClInclude>
    <ClInclude Include="System\ImGui\imgui_impl_win32.h">
      <Filter>System\ImGui</Filter>
    </ClInclude>
    <ClInclude Include="ImGuiManager.h">
      <Filter>ヘッダー ファイル\Draw\ImGui</Filter>
    </ClInclude>
    <ClInclude Include="Player.h">
      <Filter>ヘッダー ファイル\Obj\Player</Filter>
    </ClInclude>
    <ClInclude Include="PlayerController.h">
      <Filter>ヘッダー ファイル\Obj\Player</Filter>
    </ClInclude>
    <ClInclude Include="Timer.h">
      <Filter>System</Filter>
    </ClInclude>
    <ClInclude Include="ParticleEmitter.h">
      <Filter>ヘッダー ファイル\Particle\Emitter</Filter>
    </ClInclude>
    <ClInclude Include="ParticleSystem.h">
      <Filter>ヘッダー ファイル\Particle\System</Filter>
    </ClInclude>
    <ClInclude Include="ParticleEmitter_Splash.h">
      <Filter>ヘッダー ファイル\Particle\Emitter</Filter>
    </ClInclude>
    <ClInclude Include="ParticleSystem_Splash.h">
      <Filter>ヘッダー ファイル\Particle\System</Filter>
    </ClInclude>
    <ClInclude Include="RootSignature_Splash.h">
      <Filter>ヘッダー ファイル\Draw\RootSignature</Filter>
    </ClInclude>
    <ClInclude Include="PipelineState_Splash.h">
      <Filter>ヘッダー ファイル\Draw\PipelineState</Filter>
    </ClInclude>
    <ClInclude Include="Goal.h">
      <Filter>ヘッダー ファイル\Obj</Filter>
    </ClInclude>
    <ClInclude Include="PipelineState_Goal.h">
      <Filter>ヘッダー ファイル\Draw\PipelineState</Filter>
    </ClInclude>
    <ClInclude Include="RootSignature_Goal.h">
      <Filter>ヘッダー ファイル\Draw\RootSignature</Filter>
    </ClInclude>
    <ClInclude Include="Game.h">
      <Filter>ヘッダー ファイル\Game</Filter>
    </ClInclude>
    <ClInclude Include="Debug_Sphere.h">
      <Filter>ヘッダー ファイル\Obj\DebugObj</Filter>
    </ClInclude>
    <ClInclude Include="RootSignature_DebugSphere.h">
      <Filter>ヘッダー ファイル\Draw\RootSignature</Filter>
    </ClInclude>
    <ClInclude Include="PipelineState_DebugSphere.h">
      <Filter>ヘッダー ファイル\Draw\PipelineState</Filter>
    </ClInclude>
  </ItemGroup>
  <ItemGroup>
    <FxCompile Include="PS_Simple.hlsl">
      <Filter>リソース ファイル\PixelShader</Filter>
    </FxCompile>
    <FxCompile Include="VS_Simple.hlsl">
      <Filter>リソース ファイル\VertexShader</Filter>
    </FxCompile>
    <FxCompile Include="VS_WaterMesh.hlsl">
      <Filter>リソース ファイル\VertexShader</Filter>
    </FxCompile>
    <FxCompile Include="PS_WaterMesh.hlsl">
      <Filter>リソース ファイル\PixelShader</Filter>
    </FxCompile>
    <FxCompile Include="VS_SkyDomeMesh.hlsl">
      <Filter>リソース ファイル\VertexShader</Filter>
    </FxCompile>
    <FxCompile Include="PS_SkyDomeMesh.hlsl">
      <Filter>リソース ファイル\PixelShader</Filter>
    </FxCompile>
    <FxCompile Include="VS_Splash.hlsl">
      <Filter>リソース ファイル\VertexShader</Filter>
    </FxCompile>
    <FxCompile Include="PS_Splash.hlsl">
      <Filter>リソース ファイル\PixelShader</Filter>
    </FxCompile>
    <FxCompile Include="VS_Sphere.hlsl">
      <Filter>リソース ファイル\VertexShader</Filter>
    </FxCompile>
    <FxCompile Include="PS_Sphere.hlsl">
      <Filter>リソース ファイル\PixelShader</Filter>
    </FxCompile>
  </ItemGroup>
</Project>